// !$*UTF8*$!
{
	archiveVersion = 1;
	classes = {
	};
	objectVersion = 46;
	objects = {

/* Begin PBXBuildFile section */
		006B06FA1E9FEBC300A98821 /* UIBarButtonItem+FZYExtension.m in Sources */ = {isa = PBXBuildFile; fileRef = 006B06F91E9FEBC300A98821 /* UIBarButtonItem+FZYExtension.m */; };
		006FEACF1EC4CA9B00C8014F /* FZYWebViewController.m in Sources */ = {isa = PBXBuildFile; fileRef = 006FEACD1EC4CA9B00C8014F /* FZYWebViewController.m */; };
		006FEAD01EC4CA9B00C8014F /* FZYWebViewController.xib in Resources */ = {isa = PBXBuildFile; fileRef = 006FEACE1EC4CA9B00C8014F /* FZYWebViewController.xib */; };
		007FA1341E9D4386001080E1 /* FZYEssenceViewController.m in Sources */ = {isa = PBXBuildFile; fileRef = 007FA1121E9D4386001080E1 /* FZYEssenceViewController.m */; };
		007FA1351E9D4386001080E1 /* FZYFollowViewController.m in Sources */ = {isa = PBXBuildFile; fileRef = 007FA1181E9D4386001080E1 /* FZYFollowViewController.m */; };
		007FA1361E9D4386001080E1 /* FZYMeViewController.m in Sources */ = {isa = PBXBuildFile; fileRef = 007FA11E1E9D4386001080E1 /* FZYMeViewController.m */; };
		007FA1371E9D4386001080E1 /* FZYNewViewController.m in Sources */ = {isa = PBXBuildFile; fileRef = 007FA1241E9D4386001080E1 /* FZYNewViewController.m */; };
		007FA1381E9D4386001080E1 /* AppDelegate.m in Sources */ = {isa = PBXBuildFile; fileRef = 007FA1291E9D4386001080E1 /* AppDelegate.m */; };
		007FA1391E9D4386001080E1 /* UIView+FZYExtension.m in Sources */ = {isa = PBXBuildFile; fileRef = 007FA12C1E9D4386001080E1 /* UIView+FZYExtension.m */; };
		007FA13A1E9D4386001080E1 /* main.m in Sources */ = {isa = PBXBuildFile; fileRef = 007FA12D1E9D4386001080E1 /* main.m */; };
		007FA13B1E9D4386001080E1 /* FZYTabBar.m in Sources */ = {isa = PBXBuildFile; fileRef = 007FA1311E9D4386001080E1 /* FZYTabBar.m */; };
		007FA13C1E9D4386001080E1 /* FZYTabBarController.m in Sources */ = {isa = PBXBuildFile; fileRef = 007FA1331E9D4386001080E1 /* FZYTabBarController.m */; };
		008081CE1EB3AA1700DA82F5 /* FZYAccountTextField.m in Sources */ = {isa = PBXBuildFile; fileRef = 008081CD1EB3AA1700DA82F5 /* FZYAccountTextField.m */; };
		008453111EE7114E00664693 /* FZYEssenceContentViewController.m in Sources */ = {isa = PBXBuildFile; fileRef = 008453101EE7114E00664693 /* FZYEssenceContentViewController.m */; };
		008764021EAE5060001401B4 /* FZYFollowViewController.xib in Resources */ = {isa = PBXBuildFile; fileRef = 008764011EAE5060001401B4 /* FZYFollowViewController.xib */; };
		008764061EAE5C53001401B4 /* FZYLoginRegisterViewController.m in Sources */ = {isa = PBXBuildFile; fileRef = 008764041EAE5C53001401B4 /* FZYLoginRegisterViewController.m */; };
		008764071EAE5C53001401B4 /* FZYLoginRegisterViewController.xib in Resources */ = {isa = PBXBuildFile; fileRef = 008764051EAE5C53001401B4 /* FZYLoginRegisterViewController.xib */; };
		0087640C1EAE6DF0001401B4 /* FZYQuickLoginButton.m in Sources */ = {isa = PBXBuildFile; fileRef = 0087640B1EAE6DF0001401B4 /* FZYQuickLoginButton.m */; };
		008DFD881EBB7E6D00B4185C /* FZYConst.m in Sources */ = {isa = PBXBuildFile; fileRef = 008DFD871EBB7E6D00B4185C /* FZYConst.m */; };
		008DFD8B1EBB807500B4185C /* FZYMeCell.m in Sources */ = {isa = PBXBuildFile; fileRef = 008DFD8A1EBB807500B4185C /* FZYMeCell.m */; };
		008DFD8E1EBB8CE500B4185C /* FZYMeFooterView.m in Sources */ = {isa = PBXBuildFile; fileRef = 008DFD8D1EBB8CE500B4185C /* FZYMeFooterView.m */; };
		008E08A31EA6787500F0B4DF /* FZYTalentViewController.m in Sources */ = {isa = PBXBuildFile; fileRef = 008E08A21EA6787500F0B4DF /* FZYTalentViewController.m */; };
		008E933F1EB79F4D00B9C672 /* UITextField+FZYExtension.m in Sources */ = {isa = PBXBuildFile; fileRef = 008E933E1EB79F4D00B9C672 /* UITextField+FZYExtension.m */; };
		009A54531EDB29AC0087F79F /* FZYFileUtils.m in Sources */ = {isa = PBXBuildFile; fileRef = 009A54521EDB29AC0087F79F /* FZYFileUtils.m */; };
		009A54561EDB2DAD0087F79F /* FZYSettingClearCacheCell.m in Sources */ = {isa = PBXBuildFile; fileRef = 009A54551EDB2DAD0087F79F /* FZYSettingClearCacheCell.m */; };
		00A2E57D1EE9AFF300913DD0 /* FZYSubject.m in Sources */ = {isa = PBXBuildFile; fileRef = 00A2E57C1EE9AFF300913DD0 /* FZYSubject.m */; };
		00A531B41EC0D56F00BE8B75 /* FZYMeSquareButton.m in Sources */ = {isa = PBXBuildFile; fileRef = 00A531B31EC0D56F00BE8B75 /* FZYMeSquareButton.m */; };
		00A7EB411EA90AF7003B686F /* FZYSettingViewController.m in Sources */ = {isa = PBXBuildFile; fileRef = 00A7EB401EA90AF7003B686F /* FZYSettingViewController.m */; };
		00A7EB481EA90F75003B686F /* FZYNavigationController.m in Sources */ = {isa = PBXBuildFile; fileRef = 00A7EB471EA90F75003B686F /* FZYNavigationController.m */; };
		00E42F901E7E3A52003C6F84 /* Assets.xcassets in Resources */ = {isa = PBXBuildFile; fileRef = 00E42F8F1E7E3A52003C6F84 /* Assets.xcassets */; };
		00F61F541EBF7E480054ECE5 /* FZYMeSquare.m in Sources */ = {isa = PBXBuildFile; fileRef = 00F61F531EBF7E480054ECE5 /* FZYMeSquare.m */; };
		6AF3A2D2B3FB7044462A73D6 /* libPods-百思不得姐.a in Frameworks */ = {isa = PBXBuildFile; fileRef = 7AA60B4E6849CFB583BAE8E7 /* libPods-百思不得姐.a */; };
/* End PBXBuildFile section */

/* Begin PBXFileReference section */
		006B06F81E9FEBC300A98821 /* UIBarButtonItem+FZYExtension.h */ = {isa = PBXFileReference; fileEncoding = 4; lastKnownFileType = sourcecode.c.h; path = "UIBarButtonItem+FZYExtension.h"; sourceTree = "<group>"; };
		006B06F91E9FEBC300A98821 /* UIBarButtonItem+FZYExtension.m */ = {isa = PBXFileReference; fileEncoding = 4; lastKnownFileType = sourcecode.c.objc; path = "UIBarButtonItem+FZYExtension.m"; sourceTree = "<group>"; };
		006FEACC1EC4CA9B00C8014F /* FZYWebViewController.h */ = {isa = PBXFileReference; fileEncoding = 4; lastKnownFileType = sourcecode.c.h; path = FZYWebViewController.h; sourceTree = "<group>"; };
		006FEACD1EC4CA9B00C8014F /* FZYWebViewController.m */ = {isa = PBXFileReference; fileEncoding = 4; lastKnownFileType = sourcecode.c.objc; path = FZYWebViewController.m; sourceTree = "<group>"; };
		006FEACE1EC4CA9B00C8014F /* FZYWebViewController.xib */ = {isa = PBXFileReference; fileEncoding = 4; lastKnownFileType = file.xib; path = FZYWebViewController.xib; sourceTree = "<group>"; };
		007FA1111E9D4386001080E1 /* FZYEssenceViewController.h */ = {isa = PBXFileReference; fileEncoding = 4; lastKnownFileType = sourcecode.c.h; path = FZYEssenceViewController.h; sourceTree = "<group>"; };
		007FA1121E9D4386001080E1 /* FZYEssenceViewController.m */ = {isa = PBXFileReference; fileEncoding = 4; lastKnownFileType = sourcecode.c.objc; path = FZYEssenceViewController.m; sourceTree = "<group>"; };
		007FA1171E9D4386001080E1 /* FZYFollowViewController.h */ = {isa = PBXFileReference; fileEncoding = 4; lastKnownFileType = sourcecode.c.h; path = FZYFollowViewController.h; sourceTree = "<group>"; };
		007FA1181E9D4386001080E1 /* FZYFollowViewController.m */ = {isa = PBXFileReference; fileEncoding = 4; lastKnownFileType = sourcecode.c.objc; path = FZYFollowViewController.m; sourceTree = "<group>"; };
		007FA11D1E9D4386001080E1 /* FZYMeViewController.h */ = {isa = PBXFileReference; fileEncoding = 4; lastKnownFileType = sourcecode.c.h; path = FZYMeViewController.h; sourceTree = "<group>"; };
		007FA11E1E9D4386001080E1 /* FZYMeViewController.m */ = {isa = PBXFileReference; fileEncoding = 4; lastKnownFileType = sourcecode.c.objc; path = FZYMeViewController.m; sourceTree = "<group>"; };
		007FA1231E9D4386001080E1 /* FZYNewViewController.h */ = {isa = PBXFileReference; fileEncoding = 4; lastKnownFileType = sourcecode.c.h; path = FZYNewViewController.h; sourceTree = "<group>"; };
		007FA1241E9D4386001080E1 /* FZYNewViewController.m */ = {isa = PBXFileReference; fileEncoding = 4; lastKnownFileType = sourcecode.c.objc; path = FZYNewViewController.m; sourceTree = "<group>"; };
		007FA1281E9D4386001080E1 /* AppDelegate.h */ = {isa = PBXFileReference; fileEncoding = 4; lastKnownFileType = sourcecode.c.h; path = AppDelegate.h; sourceTree = "<group>"; };
		007FA1291E9D4386001080E1 /* AppDelegate.m */ = {isa = PBXFileReference; fileEncoding = 4; lastKnownFileType = sourcecode.c.objc; path = AppDelegate.m; sourceTree = "<group>"; };
		007FA12B1E9D4386001080E1 /* UIView+FZYExtension.h */ = {isa = PBXFileReference; fileEncoding = 4; lastKnownFileType = sourcecode.c.h; path = "UIView+FZYExtension.h"; sourceTree = "<group>"; };
		007FA12C1E9D4386001080E1 /* UIView+FZYExtension.m */ = {isa = PBXFileReference; fileEncoding = 4; lastKnownFileType = sourcecode.c.objc; path = "UIView+FZYExtension.m"; sourceTree = "<group>"; };
		007FA12D1E9D4386001080E1 /* main.m */ = {isa = PBXFileReference; fileEncoding = 4; lastKnownFileType = sourcecode.c.objc; path = main.m; sourceTree = "<group>"; };
		007FA12E1E9D4386001080E1 /* PrefixHeader.pch */ = {isa = PBXFileReference; fileEncoding = 4; lastKnownFileType = sourcecode.c.h; path = PrefixHeader.pch; sourceTree = "<group>"; };
		007FA1301E9D4386001080E1 /* FZYTabBar.h */ = {isa = PBXFileReference; fileEncoding = 4; lastKnownFileType = sourcecode.c.h; path = FZYTabBar.h; sourceTree = "<group>"; };
		007FA1311E9D4386001080E1 /* FZYTabBar.m */ = {isa = PBXFileReference; fileEncoding = 4; lastKnownFileType = sourcecode.c.objc; path = FZYTabBar.m; sourceTree = "<group>"; };
		007FA1321E9D4386001080E1 /* FZYTabBarController.h */ = {isa = PBXFileReference; fileEncoding = 4; lastKnownFileType = sourcecode.c.h; path = FZYTabBarController.h; sourceTree = "<group>"; };
		007FA1331E9D4386001080E1 /* FZYTabBarController.m */ = {isa = PBXFileReference; fileEncoding = 4; lastKnownFileType = sourcecode.c.objc; path = FZYTabBarController.m; sourceTree = "<group>"; };
		008081CC1EB3AA1700DA82F5 /* FZYAccountTextField.h */ = {isa = PBXFileReference; fileEncoding = 4; lastKnownFileType = sourcecode.c.h; path = FZYAccountTextField.h; sourceTree = "<group>"; };
		008081CD1EB3AA1700DA82F5 /* FZYAccountTextField.m */ = {isa = PBXFileReference; fileEncoding = 4; lastKnownFileType = sourcecode.c.objc; path = FZYAccountTextField.m; sourceTree = "<group>"; };
		0084530F1EE7114E00664693 /* FZYEssenceContentViewController.h */ = {isa = PBXFileReference; fileEncoding = 4; lastKnownFileType = sourcecode.c.h; path = FZYEssenceContentViewController.h; sourceTree = "<group>"; };
		008453101EE7114E00664693 /* FZYEssenceContentViewController.m */ = {isa = PBXFileReference; fileEncoding = 4; lastKnownFileType = sourcecode.c.objc; path = FZYEssenceContentViewController.m; sourceTree = "<group>"; };
		008764011EAE5060001401B4 /* FZYFollowViewController.xib */ = {isa = PBXFileReference; fileEncoding = 4; lastKnownFileType = file.xib; path = FZYFollowViewController.xib; sourceTree = "<group>"; };
		008764031EAE5C53001401B4 /* FZYLoginRegisterViewController.h */ = {isa = PBXFileReference; fileEncoding = 4; lastKnownFileType = sourcecode.c.h; path = FZYLoginRegisterViewController.h; sourceTree = "<group>"; };
		008764041EAE5C53001401B4 /* FZYLoginRegisterViewController.m */ = {isa = PBXFileReference; fileEncoding = 4; lastKnownFileType = sourcecode.c.objc; path = FZYLoginRegisterViewController.m; sourceTree = "<group>"; };
		008764051EAE5C53001401B4 /* FZYLoginRegisterViewController.xib */ = {isa = PBXFileReference; fileEncoding = 4; lastKnownFileType = file.xib; path = FZYLoginRegisterViewController.xib; sourceTree = "<group>"; };
		0087640A1EAE6DF0001401B4 /* FZYQuickLoginButton.h */ = {isa = PBXFileReference; fileEncoding = 4; lastKnownFileType = sourcecode.c.h; path = FZYQuickLoginButton.h; sourceTree = "<group>"; };
		0087640B1EAE6DF0001401B4 /* FZYQuickLoginButton.m */ = {isa = PBXFileReference; fileEncoding = 4; lastKnownFileType = sourcecode.c.objc; path = FZYQuickLoginButton.m; sourceTree = "<group>"; };
		008DFD861EBB7E6D00B4185C /* FZYConst.h */ = {isa = PBXFileReference; fileEncoding = 4; lastKnownFileType = sourcecode.c.h; path = FZYConst.h; sourceTree = "<group>"; };
		008DFD871EBB7E6D00B4185C /* FZYConst.m */ = {isa = PBXFileReference; fileEncoding = 4; lastKnownFileType = sourcecode.c.objc; path = FZYConst.m; sourceTree = "<group>"; };
		008DFD891EBB807500B4185C /* FZYMeCell.h */ = {isa = PBXFileReference; fileEncoding = 4; lastKnownFileType = sourcecode.c.h; path = FZYMeCell.h; sourceTree = "<group>"; };
		008DFD8A1EBB807500B4185C /* FZYMeCell.m */ = {isa = PBXFileReference; fileEncoding = 4; lastKnownFileType = sourcecode.c.objc; path = FZYMeCell.m; sourceTree = "<group>"; };
		008DFD8C1EBB8CE500B4185C /* FZYMeFooterView.h */ = {isa = PBXFileReference; fileEncoding = 4; lastKnownFileType = sourcecode.c.h; path = FZYMeFooterView.h; sourceTree = "<group>"; };
		008DFD8D1EBB8CE500B4185C /* FZYMeFooterView.m */ = {isa = PBXFileReference; fileEncoding = 4; lastKnownFileType = sourcecode.c.objc; path = FZYMeFooterView.m; sourceTree = "<group>"; };
		008E08A11EA6787500F0B4DF /* FZYTalentViewController.h */ = {isa = PBXFileReference; fileEncoding = 4; lastKnownFileType = sourcecode.c.h; path = FZYTalentViewController.h; sourceTree = "<group>"; };
		008E08A21EA6787500F0B4DF /* FZYTalentViewController.m */ = {isa = PBXFileReference; fileEncoding = 4; lastKnownFileType = sourcecode.c.objc; path = FZYTalentViewController.m; sourceTree = "<group>"; };
		008E933D1EB79F4D00B9C672 /* UITextField+FZYExtension.h */ = {isa = PBXFileReference; fileEncoding = 4; lastKnownFileType = sourcecode.c.h; path = "UITextField+FZYExtension.h"; sourceTree = "<group>"; };
		008E933E1EB79F4D00B9C672 /* UITextField+FZYExtension.m */ = {isa = PBXFileReference; fileEncoding = 4; lastKnownFileType = sourcecode.c.objc; path = "UITextField+FZYExtension.m"; sourceTree = "<group>"; };
		009A54511EDB29AC0087F79F /* FZYFileUtils.h */ = {isa = PBXFileReference; fileEncoding = 4; lastKnownFileType = sourcecode.c.h; path = FZYFileUtils.h; sourceTree = "<group>"; };
		009A54521EDB29AC0087F79F /* FZYFileUtils.m */ = {isa = PBXFileReference; fileEncoding = 4; lastKnownFileType = sourcecode.c.objc; path = FZYFileUtils.m; sourceTree = "<group>"; };
		009A54541EDB2DAD0087F79F /* FZYSettingClearCacheCell.h */ = {isa = PBXFileReference; fileEncoding = 4; lastKnownFileType = sourcecode.c.h; path = FZYSettingClearCacheCell.h; sourceTree = "<group>"; };
		009A54551EDB2DAD0087F79F /* FZYSettingClearCacheCell.m */ = {isa = PBXFileReference; fileEncoding = 4; lastKnownFileType = sourcecode.c.objc; path = FZYSettingClearCacheCell.m; sourceTree = "<group>"; };
		00A2E57B1EE9AFF300913DD0 /* FZYSubject.h */ = {isa = PBXFileReference; fileEncoding = 4; lastKnownFileType = sourcecode.c.h; path = FZYSubject.h; sourceTree = "<group>"; };
		00A2E57C1EE9AFF300913DD0 /* FZYSubject.m */ = {isa = PBXFileReference; fileEncoding = 4; lastKnownFileType = sourcecode.c.objc; path = FZYSubject.m; sourceTree = "<group>"; };
		00A531B21EC0D56F00BE8B75 /* FZYMeSquareButton.h */ = {isa = PBXFileReference; fileEncoding = 4; lastKnownFileType = sourcecode.c.h; path = FZYMeSquareButton.h; sourceTree = "<group>"; };
		00A531B31EC0D56F00BE8B75 /* FZYMeSquareButton.m */ = {isa = PBXFileReference; fileEncoding = 4; lastKnownFileType = sourcecode.c.objc; path = FZYMeSquareButton.m; sourceTree = "<group>"; };
		00A7EB3F1EA90AF7003B686F /* FZYSettingViewController.h */ = {isa = PBXFileReference; fileEncoding = 4; lastKnownFileType = sourcecode.c.h; path = FZYSettingViewController.h; sourceTree = "<group>"; };
		00A7EB401EA90AF7003B686F /* FZYSettingViewController.m */ = {isa = PBXFileReference; fileEncoding = 4; lastKnownFileType = sourcecode.c.objc; path = FZYSettingViewController.m; sourceTree = "<group>"; };
		00A7EB461EA90F75003B686F /* FZYNavigationController.h */ = {isa = PBXFileReference; fileEncoding = 4; lastKnownFileType = sourcecode.c.h; path = FZYNavigationController.h; sourceTree = "<group>"; };
		00A7EB471EA90F75003B686F /* FZYNavigationController.m */ = {isa = PBXFileReference; fileEncoding = 4; lastKnownFileType = sourcecode.c.objc; path = FZYNavigationController.m; sourceTree = "<group>"; };
		00E42F801E7E3A52003C6F84 /* 百思不得姐.app */ = {isa = PBXFileReference; explicitFileType = wrapper.application; includeInIndex = 0; path = "百思不得姐.app"; sourceTree = BUILT_PRODUCTS_DIR; };
		00E42F8F1E7E3A52003C6F84 /* Assets.xcassets */ = {isa = PBXFileReference; lastKnownFileType = folder.assetcatalog; path = Assets.xcassets; sourceTree = "<group>"; };
		00E42F941E7E3A52003C6F84 /* Info.plist */ = {isa = PBXFileReference; lastKnownFileType = text.plist.xml; path = Info.plist; sourceTree = "<group>"; };
		00F61F521EBF7E480054ECE5 /* FZYMeSquare.h */ = {isa = PBXFileReference; fileEncoding = 4; lastKnownFileType = sourcecode.c.h; path = FZYMeSquare.h; sourceTree = "<group>"; };
		00F61F531EBF7E480054ECE5 /* FZYMeSquare.m */ = {isa = PBXFileReference; fileEncoding = 4; lastKnownFileType = sourcecode.c.objc; path = FZYMeSquare.m; sourceTree = "<group>"; };
		0356B583FD601C11101B8FDC /* Pods-百思不得姐.release.xcconfig */ = {isa = PBXFileReference; includeInIndex = 1; lastKnownFileType = text.xcconfig; name = "Pods-百思不得姐.release.xcconfig"; path = "Pods/Target Support Files/Pods-百思不得姐/Pods-百思不得姐.release.xcconfig"; sourceTree = "<group>"; };
		6D9F77D57695BCBF9F195308 /* Pods-百思不得姐.debug.xcconfig */ = {isa = PBXFileReference; includeInIndex = 1; lastKnownFileType = text.xcconfig; name = "Pods-百思不得姐.debug.xcconfig"; path = "Pods/Target Support Files/Pods-百思不得姐/Pods-百思不得姐.debug.xcconfig"; sourceTree = "<group>"; };
		7AA60B4E6849CFB583BAE8E7 /* libPods-百思不得姐.a */ = {isa = PBXFileReference; explicitFileType = archive.ar; includeInIndex = 0; path = "libPods-百思不得姐.a"; sourceTree = BUILT_PRODUCTS_DIR; };
/* End PBXFileReference section */

/* Begin PBXFrameworksBuildPhase section */
		00E42F7D1E7E3A52003C6F84 /* Frameworks */ = {
			isa = PBXFrameworksBuildPhase;
			buildActionMask = 2147483647;
			files = (
				6AF3A2D2B3FB7044462A73D6 /* libPods-百思不得姐.a in Frameworks */,
			);
			runOnlyForDeploymentPostprocessing = 0;
		};
/* End PBXFrameworksBuildPhase section */

/* Begin PBXGroup section */
		007FA10E1E9D4386001080E1 /* Classes */ = {
			isa = PBXGroup;
			children = (
				007FA10F1E9D4386001080E1 /* Essence */,
				007FA1151E9D4386001080E1 /* Follow */,
				007FA11B1E9D4386001080E1 /* Me */,
				007FA1211E9D4386001080E1 /* New */,
				007FA1271E9D4386001080E1 /* Other */,
				007FA12F1E9D4386001080E1 /* TabBar */,
			);
			path = Classes;
			sourceTree = "<group>";
		};
		007FA10F1E9D4386001080E1 /* Essence */ = {
			isa = PBXGroup;
			children = (
				007FA1101E9D4386001080E1 /* Controller */,
				007FA1131E9D4386001080E1 /* Model */,
				007FA1141E9D4386001080E1 /* View */,
			);
			path = Essence;
			sourceTree = "<group>";
		};
		007FA1101E9D4386001080E1 /* Controller */ = {
			isa = PBXGroup;
			children = (
				007FA1111E9D4386001080E1 /* FZYEssenceViewController.h */,
				007FA1121E9D4386001080E1 /* FZYEssenceViewController.m */,
				0084530F1EE7114E00664693 /* FZYEssenceContentViewController.h */,
				008453101EE7114E00664693 /* FZYEssenceContentViewController.m */,
			);
			path = Controller;
			sourceTree = "<group>";
		};
		007FA1131E9D4386001080E1 /* Model */ = {
			isa = PBXGroup;
			children = (
				00A2E57B1EE9AFF300913DD0 /* FZYSubject.h */,
				00A2E57C1EE9AFF300913DD0 /* FZYSubject.m */,
			);
			path = Model;
			sourceTree = "<group>";
		};
		007FA1141E9D4386001080E1 /* View */ = {
			isa = PBXGroup;
			children = (
			);
			path = View;
			sourceTree = "<group>";
		};
		007FA1151E9D4386001080E1 /* Follow */ = {
			isa = PBXGroup;
			children = (
				007FA1161E9D4386001080E1 /* Controller */,
				007FA1191E9D4386001080E1 /* Model */,
				007FA11A1E9D4386001080E1 /* View */,
			);
			path = Follow;
			sourceTree = "<group>";
		};
		007FA1161E9D4386001080E1 /* Controller */ = {
			isa = PBXGroup;
			children = (
				007FA1171E9D4386001080E1 /* FZYFollowViewController.h */,
				007FA1181E9D4386001080E1 /* FZYFollowViewController.m */,
				008764011EAE5060001401B4 /* FZYFollowViewController.xib */,
				008E08A11EA6787500F0B4DF /* FZYTalentViewController.h */,
				008E08A21EA6787500F0B4DF /* FZYTalentViewController.m */,
			);
			path = Controller;
			sourceTree = "<group>";
		};
		007FA1191E9D4386001080E1 /* Model */ = {
			isa = PBXGroup;
			children = (
			);
			path = Model;
			sourceTree = "<group>";
		};
		007FA11A1E9D4386001080E1 /* View */ = {
			isa = PBXGroup;
			children = (
			);
			path = View;
			sourceTree = "<group>";
		};
		007FA11B1E9D4386001080E1 /* Me */ = {
			isa = PBXGroup;
			children = (
				007FA11C1E9D4386001080E1 /* Controller */,
				007FA11F1E9D4386001080E1 /* Model */,
				007FA1201E9D4386001080E1 /* View */,
			);
			path = Me;
			sourceTree = "<group>";
		};
		007FA11C1E9D4386001080E1 /* Controller */ = {
			isa = PBXGroup;
			children = (
				007FA11D1E9D4386001080E1 /* FZYMeViewController.h */,
				007FA11E1E9D4386001080E1 /* FZYMeViewController.m */,
				00A7EB3F1EA90AF7003B686F /* FZYSettingViewController.h */,
				00A7EB401EA90AF7003B686F /* FZYSettingViewController.m */,
				006FEACC1EC4CA9B00C8014F /* FZYWebViewController.h */,
				006FEACD1EC4CA9B00C8014F /* FZYWebViewController.m */,
				006FEACE1EC4CA9B00C8014F /* FZYWebViewController.xib */,
			);
			path = Controller;
			sourceTree = "<group>";
		};
		007FA11F1E9D4386001080E1 /* Model */ = {
			isa = PBXGroup;
			children = (
				00F61F521EBF7E480054ECE5 /* FZYMeSquare.h */,
				00F61F531EBF7E480054ECE5 /* FZYMeSquare.m */,
			);
			path = Model;
			sourceTree = "<group>";
		};
		007FA1201E9D4386001080E1 /* View */ = {
			isa = PBXGroup;
			children = (
				008DFD891EBB807500B4185C /* FZYMeCell.h */,
				008DFD8A1EBB807500B4185C /* FZYMeCell.m */,
				008DFD8C1EBB8CE500B4185C /* FZYMeFooterView.h */,
				008DFD8D1EBB8CE500B4185C /* FZYMeFooterView.m */,
				00A531B21EC0D56F00BE8B75 /* FZYMeSquareButton.h */,
				00A531B31EC0D56F00BE8B75 /* FZYMeSquareButton.m */,
				009A54541EDB2DAD0087F79F /* FZYSettingClearCacheCell.h */,
				009A54551EDB2DAD0087F79F /* FZYSettingClearCacheCell.m */,
			);
			path = View;
			sourceTree = "<group>";
		};
		007FA1211E9D4386001080E1 /* New */ = {
			isa = PBXGroup;
			children = (
				007FA1221E9D4386001080E1 /* Controller */,
				007FA1251E9D4386001080E1 /* Model */,
				007FA1261E9D4386001080E1 /* View */,
			);
			path = New;
			sourceTree = "<group>";
		};
		007FA1221E9D4386001080E1 /* Controller */ = {
			isa = PBXGroup;
			children = (
				007FA1231E9D4386001080E1 /* FZYNewViewController.h */,
				007FA1241E9D4386001080E1 /* FZYNewViewController.m */,
			);
			path = Controller;
			sourceTree = "<group>";
		};
		007FA1251E9D4386001080E1 /* Model */ = {
			isa = PBXGroup;
			children = (
			);
			path = Model;
			sourceTree = "<group>";
		};
		007FA1261E9D4386001080E1 /* View */ = {
			isa = PBXGroup;
			children = (
			);
			path = View;
			sourceTree = "<group>";
		};
		007FA1271E9D4386001080E1 /* Other */ = {
			isa = PBXGroup;
			children = (
				007FA1281E9D4386001080E1 /* AppDelegate.h */,
				007FA1291E9D4386001080E1 /* AppDelegate.m */,
				00A7EB451EA90F44003B686F /* Controller */,
				007FA12A1E9D4386001080E1 /* Category */,
				008764091EAE6DD3001401B4 /* View */,
				007FA12D1E9D4386001080E1 /* main.m */,
				007FA12E1E9D4386001080E1 /* PrefixHeader.pch */,
				008DFD861EBB7E6D00B4185C /* FZYConst.h */,
				008DFD871EBB7E6D00B4185C /* FZYConst.m */,
				009A54511EDB29AC0087F79F /* FZYFileUtils.h */,
				009A54521EDB29AC0087F79F /* FZYFileUtils.m */,
			);
			path = Other;
			sourceTree = "<group>";
		};
		007FA12A1E9D4386001080E1 /* Category */ = {
			isa = PBXGroup;
			children = (
				007FA12B1E9D4386001080E1 /* UIView+FZYExtension.h */,
				007FA12C1E9D4386001080E1 /* UIView+FZYExtension.m */,
				006B06F81E9FEBC300A98821 /* UIBarButtonItem+FZYExtension.h */,
				006B06F91E9FEBC300A98821 /* UIBarButtonItem+FZYExtension.m */,
				008E933D1EB79F4D00B9C672 /* UITextField+FZYExtension.h */,
				008E933E1EB79F4D00B9C672 /* UITextField+FZYExtension.m */,
			);
			path = Category;
			sourceTree = "<group>";
		};
		007FA12F1E9D4386001080E1 /* TabBar */ = {
			isa = PBXGroup;
			children = (
				007FA1301E9D4386001080E1 /* FZYTabBar.h */,
				007FA1311E9D4386001080E1 /* FZYTabBar.m */,
				007FA1321E9D4386001080E1 /* FZYTabBarController.h */,
				007FA1331E9D4386001080E1 /* FZYTabBarController.m */,
			);
			path = TabBar;
			sourceTree = "<group>";
		};
		008764091EAE6DD3001401B4 /* View */ = {
			isa = PBXGroup;
			children = (
				0087640A1EAE6DF0001401B4 /* FZYQuickLoginButton.h */,
				0087640B1EAE6DF0001401B4 /* FZYQuickLoginButton.m */,
				008081CC1EB3AA1700DA82F5 /* FZYAccountTextField.h */,
				008081CD1EB3AA1700DA82F5 /* FZYAccountTextField.m */,
			);
			path = View;
			sourceTree = "<group>";
		};
		00A7EB451EA90F44003B686F /* Controller */ = {
			isa = PBXGroup;
			children = (
				00A7EB461EA90F75003B686F /* FZYNavigationController.h */,
				00A7EB471EA90F75003B686F /* FZYNavigationController.m */,
				008764031EAE5C53001401B4 /* FZYLoginRegisterViewController.h */,
				008764041EAE5C53001401B4 /* FZYLoginRegisterViewController.m */,
				008764051EAE5C53001401B4 /* FZYLoginRegisterViewController.xib */,
			);
			path = Controller;
			sourceTree = "<group>";
		};
		00E42F771E7E3A52003C6F84 = {
			isa = PBXGroup;
			children = (
				00E42F821E7E3A52003C6F84 /* 百思不得姐 */,
				00E42F811E7E3A52003C6F84 /* Products */,
				AFAD2050279F0A09FC9D60BF /* Pods */,
				ED07215865CF93B6FDEB7469 /* Frameworks */,
			);
			sourceTree = "<group>";
		};
		00E42F811E7E3A52003C6F84 /* Products */ = {
			isa = PBXGroup;
			children = (
				00E42F801E7E3A52003C6F84 /* 百思不得姐.app */,
			);
			name = Products;
			sourceTree = "<group>";
		};
		00E42F821E7E3A52003C6F84 /* 百思不得姐 */ = {
			isa = PBXGroup;
			children = (
				007FA10E1E9D4386001080E1 /* Classes */,
				00E42F831E7E3A52003C6F84 /* Supporting Files */,
			);
			path = "百思不得姐";
			sourceTree = "<group>";
		};
		00E42F831E7E3A52003C6F84 /* Supporting Files */ = {
			isa = PBXGroup;
			children = (
				00E42F8F1E7E3A52003C6F84 /* Assets.xcassets */,
				00E42F941E7E3A52003C6F84 /* Info.plist */,
			);
			name = "Supporting Files";
			sourceTree = "<group>";
		};
		AFAD2050279F0A09FC9D60BF /* Pods */ = {
			isa = PBXGroup;
			children = (
				6D9F77D57695BCBF9F195308 /* Pods-百思不得姐.debug.xcconfig */,
				0356B583FD601C11101B8FDC /* Pods-百思不得姐.release.xcconfig */,
			);
			name = Pods;
			sourceTree = "<group>";
		};
		ED07215865CF93B6FDEB7469 /* Frameworks */ = {
			isa = PBXGroup;
			children = (
				7AA60B4E6849CFB583BAE8E7 /* libPods-百思不得姐.a */,
			);
			name = Frameworks;
			sourceTree = "<group>";
		};
/* End PBXGroup section */

/* Begin PBXNativeTarget section */
		00E42F7F1E7E3A52003C6F84 /* 百思不得姐 */ = {
			isa = PBXNativeTarget;
			buildConfigurationList = 00E42F971E7E3A52003C6F84 /* Build configuration list for PBXNativeTarget "百思不得姐" */;
			buildPhases = (
				1012DF62F86024B3526F8C5D /* [CP] Check Pods Manifest.lock */,
				00E42F7C1E7E3A52003C6F84 /* Sources */,
				00E42F7D1E7E3A52003C6F84 /* Frameworks */,
				00E42F7E1E7E3A52003C6F84 /* Resources */,
				1642821381E04BCA1A269945 /* [CP] Embed Pods Frameworks */,
				285E0B9F1BFFF5317B7E9860 /* [CP] Copy Pods Resources */,
			);
			buildRules = (
			);
			dependencies = (
			);
			name = "百思不得姐";
			productName = "百思不得姐";
			productReference = 00E42F801E7E3A52003C6F84 /* 百思不得姐.app */;
			productType = "com.apple.product-type.application";
		};
/* End PBXNativeTarget section */

/* Begin PBXProject section */
		00E42F781E7E3A52003C6F84 /* Project object */ = {
			isa = PBXProject;
			attributes = {
				CLASSPREFIX = FZY;
				LastUpgradeCheck = 0730;
				ORGANIZATIONNAME = "Feng Zuyan";
				TargetAttributes = {
					00E42F7F1E7E3A52003C6F84 = {
						CreatedOnToolsVersion = 7.3.1;
						DevelopmentTeam = 4SWPMJLV39;
					};
				};
			};
			buildConfigurationList = 00E42F7B1E7E3A52003C6F84 /* Build configuration list for PBXProject "百思不得姐" */;
			compatibilityVersion = "Xcode 3.2";
			developmentRegion = English;
			hasScannedForEncodings = 0;
			knownRegions = (
				en,
				Base,
			);
			mainGroup = 00E42F771E7E3A52003C6F84;
			productRefGroup = 00E42F811E7E3A52003C6F84 /* Products */;
			projectDirPath = "";
			projectRoot = "";
			targets = (
				00E42F7F1E7E3A52003C6F84 /* 百思不得姐 */,
			);
		};
/* End PBXProject section */

/* Begin PBXResourcesBuildPhase section */
		00E42F7E1E7E3A52003C6F84 /* Resources */ = {
			isa = PBXResourcesBuildPhase;
			buildActionMask = 2147483647;
			files = (
				008764071EAE5C53001401B4 /* FZYLoginRegisterViewController.xib in Resources */,
				00E42F901E7E3A52003C6F84 /* Assets.xcassets in Resources */,
				008764021EAE5060001401B4 /* FZYFollowViewController.xib in Resources */,
				006FEAD01EC4CA9B00C8014F /* FZYWebViewController.xib in Resources */,
			);
			runOnlyForDeploymentPostprocessing = 0;
		};
/* End PBXResourcesBuildPhase section */

/* Begin PBXShellScriptBuildPhase section */
		1012DF62F86024B3526F8C5D /* [CP] Check Pods Manifest.lock */ = {
			isa = PBXShellScriptBuildPhase;
			buildActionMask = 2147483647;
			files = (
			);
			inputPaths = (
			);
			name = "[CP] Check Pods Manifest.lock";
			outputPaths = (
			);
			runOnlyForDeploymentPostprocessing = 0;
			shellPath = /bin/sh;
			shellScript = "diff \"${PODS_ROOT}/../Podfile.lock\" \"${PODS_ROOT}/Manifest.lock\" > /dev/null\nif [ $? != 0 ] ; then\n    # print error to STDERR\n    echo \"error: The sandbox is not in sync with the Podfile.lock. Run 'pod install' or update your CocoaPods installation.\" >&2\n    exit 1\nfi\n";
			showEnvVarsInLog = 0;
		};
		1642821381E04BCA1A269945 /* [CP] Embed Pods Frameworks */ = {
			isa = PBXShellScriptBuildPhase;
			buildActionMask = 2147483647;
			files = (
			);
			inputPaths = (
			);
			name = "[CP] Embed Pods Frameworks";
			outputPaths = (
			);
			runOnlyForDeploymentPostprocessing = 0;
			shellPath = /bin/sh;
			shellScript = "\"${SRCROOT}/Pods/Target Support Files/Pods-百思不得姐/Pods-百思不得姐-frameworks.sh\"\n";
			showEnvVarsInLog = 0;
		};
		285E0B9F1BFFF5317B7E9860 /* [CP] Copy Pods Resources */ = {
			isa = PBXShellScriptBuildPhase;
			buildActionMask = 2147483647;
			files = (
			);
			inputPaths = (
			);
			name = "[CP] Copy Pods Resources";
			outputPaths = (
			);
			runOnlyForDeploymentPostprocessing = 0;
			shellPath = /bin/sh;
			shellScript = "\"${SRCROOT}/Pods/Target Support Files/Pods-百思不得姐/Pods-百思不得姐-resources.sh\"\n";
			showEnvVarsInLog = 0;
		};
/* End PBXShellScriptBuildPhase section */

/* Begin PBXSourcesBuildPhase section */
		00E42F7C1E7E3A52003C6F84 /* Sources */ = {
			isa = PBXSourcesBuildPhase;
			buildActionMask = 2147483647;
			files = (
				008E08A31EA6787500F0B4DF /* FZYTalentViewController.m in Sources */,
				008DFD8B1EBB807500B4185C /* FZYMeCell.m in Sources */,
				007FA1391E9D4386001080E1 /* UIView+FZYExtension.m in Sources */,
				008E933F1EB79F4D00B9C672 /* UITextField+FZYExtension.m in Sources */,
				006FEACF1EC4CA9B00C8014F /* FZYWebViewController.m in Sources */,
				009A54561EDB2DAD0087F79F /* FZYSettingClearCacheCell.m in Sources */,
				00A2E57D1EE9AFF300913DD0 /* FZYSubject.m in Sources */,
				008764061EAE5C53001401B4 /* FZYLoginRegisterViewController.m in Sources */,
				008453111EE7114E00664693 /* FZYEssenceContentViewController.m in Sources */,
				007FA1361E9D4386001080E1 /* FZYMeViewController.m in Sources */,
				00F61F541EBF7E480054ECE5 /* FZYMeSquare.m in Sources */,
				008DFD881EBB7E6D00B4185C /* FZYConst.m in Sources */,
				00A7EB411EA90AF7003B686F /* FZYSettingViewController.m in Sources */,
				00A7EB481EA90F75003B686F /* FZYNavigationController.m in Sources */,
				00A531B41EC0D56F00BE8B75 /* FZYMeSquareButton.m in Sources */,
				007FA1341E9D4386001080E1 /* FZYEssenceViewController.m in Sources */,
				007FA13B1E9D4386001080E1 /* FZYTabBar.m in Sources */,
				007FA1351E9D4386001080E1 /* FZYFollowViewController.m in Sources */,
				007FA1371E9D4386001080E1 /* FZYNewViewController.m in Sources */,
				007FA13C1E9D4386001080E1 /* FZYTabBarController.m in Sources */,
				0087640C1EAE6DF0001401B4 /* FZYQuickLoginButton.m in Sources */,
				006B06FA1E9FEBC300A98821 /* UIBarButtonItem+FZYExtension.m in Sources */,
				009A54531EDB29AC0087F79F /* FZYFileUtils.m in Sources */,
				007FA13A1E9D4386001080E1 /* main.m in Sources */,
				008DFD8E1EBB8CE500B4185C /* FZYMeFooterView.m in Sources */,
				007FA1381E9D4386001080E1 /* AppDelegate.m in Sources */,
				008081CE1EB3AA1700DA82F5 /* FZYAccountTextField.m in Sources */,
			);
			runOnlyForDeploymentPostprocessing = 0;
		};
/* End PBXSourcesBuildPhase section */

/* Begin XCBuildConfiguration section */
		00E42F951E7E3A52003C6F84 /* Debug */ = {
			isa = XCBuildConfiguration;
			buildSettings = {
				ALWAYS_SEARCH_USER_PATHS = NO;
				CLANG_ANALYZER_NONNULL = YES;
				CLANG_CXX_LANGUAGE_STANDARD = "gnu++0x";
				CLANG_CXX_LIBRARY = "libc++";
				CLANG_ENABLE_MODULES = YES;
				CLANG_ENABLE_OBJC_ARC = YES;
				CLANG_WARN_BOOL_CONVERSION = YES;
				CLANG_WARN_CONSTANT_CONVERSION = YES;
				CLANG_WARN_DIRECT_OBJC_ISA_USAGE = YES_ERROR;
				CLANG_WARN_EMPTY_BODY = YES;
				CLANG_WARN_ENUM_CONVERSION = YES;
				CLANG_WARN_INT_CONVERSION = YES;
				CLANG_WARN_OBJC_ROOT_CLASS = YES_ERROR;
				CLANG_WARN_UNREACHABLE_CODE = YES;
				CLANG_WARN__DUPLICATE_METHOD_MATCH = YES;
				"CODE_SIGN_IDENTITY[sdk=iphoneos*]" = "iPhone Developer";
				COPY_PHASE_STRIP = NO;
				DEBUG_INFORMATION_FORMAT = dwarf;
				ENABLE_STRICT_OBJC_MSGSEND = YES;
				ENABLE_TESTABILITY = YES;
				GCC_C_LANGUAGE_STANDARD = gnu99;
				GCC_DYNAMIC_NO_PIC = NO;
				GCC_NO_COMMON_BLOCKS = YES;
				GCC_OPTIMIZATION_LEVEL = 0;
				GCC_PREPROCESSOR_DEFINITIONS = (
					"DEBUG=1",
					"$(inherited)",
				);
				GCC_WARN_64_TO_32_BIT_CONVERSION = YES;
				GCC_WARN_ABOUT_RETURN_TYPE = YES_ERROR;
				GCC_WARN_UNDECLARED_SELECTOR = YES;
				GCC_WARN_UNINITIALIZED_AUTOS = YES_AGGRESSIVE;
				GCC_WARN_UNUSED_FUNCTION = YES;
				GCC_WARN_UNUSED_VARIABLE = YES;
				IPHONEOS_DEPLOYMENT_TARGET = 9.3;
				MTL_ENABLE_DEBUG_INFO = YES;
				ONLY_ACTIVE_ARCH = YES;
				SDKROOT = iphoneos;
			};
			name = Debug;
		};
		00E42F961E7E3A52003C6F84 /* Release */ = {
			isa = XCBuildConfiguration;
			buildSettings = {
				ALWAYS_SEARCH_USER_PATHS = NO;
				CLANG_ANALYZER_NONNULL = YES;
				CLANG_CXX_LANGUAGE_STANDARD = "gnu++0x";
				CLANG_CXX_LIBRARY = "libc++";
				CLANG_ENABLE_MODULES = YES;
				CLANG_ENABLE_OBJC_ARC = YES;
				CLANG_WARN_BOOL_CONVERSION = YES;
				CLANG_WARN_CONSTANT_CONVERSION = YES;
				CLANG_WARN_DIRECT_OBJC_ISA_USAGE = YES_ERROR;
				CLANG_WARN_EMPTY_BODY = YES;
				CLANG_WARN_ENUM_CONVERSION = YES;
				CLANG_WARN_INT_CONVERSION = YES;
				CLANG_WARN_OBJC_ROOT_CLASS = YES_ERROR;
				CLANG_WARN_UNREACHABLE_CODE = YES;
				CLANG_WARN__DUPLICATE_METHOD_MATCH = YES;
				"CODE_SIGN_IDENTITY[sdk=iphoneos*]" = "iPhone Developer";
				COPY_PHASE_STRIP = NO;
				DEBUG_INFORMATION_FORMAT = "dwarf-with-dsym";
				ENABLE_NS_ASSERTIONS = NO;
				ENABLE_STRICT_OBJC_MSGSEND = YES;
				GCC_C_LANGUAGE_STANDARD = gnu99;
				GCC_NO_COMMON_BLOCKS = YES;
				GCC_WARN_64_TO_32_BIT_CONVERSION = YES;
				GCC_WARN_ABOUT_RETURN_TYPE = YES_ERROR;
				GCC_WARN_UNDECLARED_SELECTOR = YES;
				GCC_WARN_UNINITIALIZED_AUTOS = YES_AGGRESSIVE;
				GCC_WARN_UNUSED_FUNCTION = YES;
				GCC_WARN_UNUSED_VARIABLE = YES;
				IPHONEOS_DEPLOYMENT_TARGET = 9.3;
				MTL_ENABLE_DEBUG_INFO = NO;
				SDKROOT = iphoneos;
				VALIDATE_PRODUCT = YES;
			};
			name = Release;
		};
		00E42F981E7E3A52003C6F84 /* Debug */ = {
			isa = XCBuildConfiguration;
			baseConfigurationReference = 6D9F77D57695BCBF9F195308 /* Pods-百思不得姐.debug.xcconfig */;
			buildSettings = {
				ASSETCATALOG_COMPILER_APPICON_NAME = AppIcon;
				ASSETCATALOG_COMPILER_LAUNCHIMAGE_NAME = "Brand Assets";
				GCC_PREFIX_HEADER = "百思不得姐/Classes/Other/PrefixHeader.pch";
				INFOPLIST_FILE = "百思不得姐/Info.plist";
				LD_RUNPATH_SEARCH_PATHS = "$(inherited) @executable_path/Frameworks";
				PRODUCT_BUNDLE_IDENTIFIER = com.feng.budejie;
				PRODUCT_NAME = "$(TARGET_NAME)";
			};
			name = Debug;
		};
		00E42F991E7E3A52003C6F84 /* Release */ = {
			isa = XCBuildConfiguration;
			baseConfigurationReference = 0356B583FD601C11101B8FDC /* Pods-百思不得姐.release.xcconfig */;
			buildSettings = {
				ASSETCATALOG_COMPILER_APPICON_NAME = AppIcon;
				ASSETCATALOG_COMPILER_LAUNCHIMAGE_NAME = "Brand Assets";
				GCC_PREFIX_HEADER = "百思不得姐/Classes/Other/PrefixHeader.pch";
				INFOPLIST_FILE = "百思不得姐/Info.plist";
				LD_RUNPATH_SEARCH_PATHS = "$(inherited) @executable_path/Frameworks";
				PRODUCT_BUNDLE_IDENTIFIER = com.feng.budejie;
				PRODUCT_NAME = "$(TARGET_NAME)";
			};
			name = Release;
		};
/* End XCBuildConfiguration section */

/* Begin XCConfigurationList section */
		00E42F7B1E7E3A52003C6F84 /* Build configuration list for PBXProject "百思不得姐" */ = {
			isa = XCConfigurationList;
			buildConfigurations = (
				00E42F951E7E3A52003C6F84 /* Debug */,
				00E42F961E7E3A52003C6F84 /* Release */,
			);
			defaultConfigurationIsVisible = 0;
			defaultConfigurationName = Release;
		};
		00E42F971E7E3A52003C6F84 /* Build configuration list for PBXNativeTarget "百思不得姐" */ = {
			isa = XCConfigurationList;
			buildConfigurations = (
				00E42F981E7E3A52003C6F84 /* Debug */,
				00E42F991E7E3A52003C6F84 /* Release */,
			);
			defaultConfigurationIsVisible = 0;
			defaultConfigurationName = Release;
		};
/* End XCConfigurationList section */
	};
	rootObject = 00E42F781E7E3A52003C6F84 /* Project object */;
}
